// !$*UTF8*$!
{
	archiveVersion = 1;
	classes = {
	};
	objectVersion = 50;
	objects = {

/* Begin PBXBuildFile section */
		1E90E3989A04ED4BCD1D2CA9 /* RootCoordinator.swift in Sources */ = {isa = PBXBuildFile; fileRef = 1E90E56384FDE63B7F762541 /* RootCoordinator.swift */; };
		1E90E5465592D173E2955485 /* View.swift in Sources */ = {isa = PBXBuildFile; fileRef = 1E90E81498FDC3A913ADEF5E /* View.swift */; };
		1E90E8E155D7F02647EBCDC7 /* Window.swift in Sources */ = {isa = PBXBuildFile; fileRef = 1E90EAAF181B0D113324395E /* Window.swift */; };
		27623D6826D4145C00095CB0 /* AppDelegate.swift in Sources */ = {isa = PBXBuildFile; fileRef = 27623D6726D4145C00095CB0 /* AppDelegate.swift */; };
		27623D6A26D4145C00095CB0 /* SceneDelegate.swift in Sources */ = {isa = PBXBuildFile; fileRef = 27623D6926D4145C00095CB0 /* SceneDelegate.swift */; };
		27623D6C26D4145C00095CB0 /* RootViewController.swift in Sources */ = {isa = PBXBuildFile; fileRef = 27623D6B26D4145C00095CB0 /* RootViewController.swift */; };
		27623D7126D4145D00095CB0 /* Assets.xcassets in Resources */ = {isa = PBXBuildFile; fileRef = 27623D7026D4145D00095CB0 /* Assets.xcassets */; };
		27623D7426D4145D00095CB0 /* LaunchScreen.storyboard in Resources */ = {isa = PBXBuildFile; fileRef = 27623D7226D4145D00095CB0 /* LaunchScreen.storyboard */; };
		27623D7F26D4145D00095CB0 /* Push2TalkTests.swift in Sources */ = {isa = PBXBuildFile; fileRef = 27623D7E26D4145D00095CB0 /* Push2TalkTests.swift */; };
		27623D8A26D4145D00095CB0 /* Push2TalkUITests.swift in Sources */ = {isa = PBXBuildFile; fileRef = 27623D8926D4145D00095CB0 /* Push2TalkUITests.swift */; };
/* End PBXBuildFile section */

/* Begin PBXContainerItemProxy section */
		27623D7B26D4145D00095CB0 /* PBXContainerItemProxy */ = {
			isa = PBXContainerItemProxy;
			containerPortal = 27623D5C26D4145C00095CB0 /* Project object */;
			proxyType = 1;
			remoteGlobalIDString = 27623D6326D4145C00095CB0;
			remoteInfo = Push2Talk;
		};
		27623D8626D4145D00095CB0 /* PBXContainerItemProxy */ = {
			isa = PBXContainerItemProxy;
			containerPortal = 27623D5C26D4145C00095CB0 /* Project object */;
			proxyType = 1;
			remoteGlobalIDString = 27623D6326D4145C00095CB0;
			remoteInfo = Push2Talk;
		};
/* End PBXContainerItemProxy section */

/* Begin PBXFileReference section */
		1E90E56384FDE63B7F762541 /* RootCoordinator.swift */ = {isa = PBXFileReference; fileEncoding = 4; lastKnownFileType = sourcecode.swift; path = RootCoordinator.swift; sourceTree = "<group>"; };
		1E90E81498FDC3A913ADEF5E /* View.swift */ = {isa = PBXFileReference; fileEncoding = 4; lastKnownFileType = sourcecode.swift; path = View.swift; sourceTree = "<group>"; };
		1E90EAAF181B0D113324395E /* Window.swift */ = {isa = PBXFileReference; fileEncoding = 4; lastKnownFileType = sourcecode.swift; path = Window.swift; sourceTree = "<group>"; };
		27623D6426D4145C00095CB0 /* Push2Talk.app */ = {isa = PBXFileReference; explicitFileType = wrapper.application; includeInIndex = 0; path = Push2Talk.app; sourceTree = BUILT_PRODUCTS_DIR; };
		27623D6726D4145C00095CB0 /* AppDelegate.swift */ = {isa = PBXFileReference; lastKnownFileType = sourcecode.swift; path = AppDelegate.swift; sourceTree = "<group>"; };
		27623D6926D4145C00095CB0 /* SceneDelegate.swift */ = {isa = PBXFileReference; lastKnownFileType = sourcecode.swift; path = SceneDelegate.swift; sourceTree = "<group>"; };
		27623D6B26D4145C00095CB0 /* RootViewController.swift */ = {isa = PBXFileReference; lastKnownFileType = sourcecode.swift; path = RootViewController.swift; sourceTree = "<group>"; };
		27623D7026D4145D00095CB0 /* Assets.xcassets */ = {isa = PBXFileReference; lastKnownFileType = folder.assetcatalog; path = Assets.xcassets; sourceTree = "<group>"; };
		27623D7326D4145D00095CB0 /* Base */ = {isa = PBXFileReference; lastKnownFileType = file.storyboard; name = Base; path = Base.lproj/LaunchScreen.storyboard; sourceTree = "<group>"; };
		27623D7526D4145D00095CB0 /* Info.plist */ = {isa = PBXFileReference; lastKnownFileType = text.plist.xml; path = Info.plist; sourceTree = "<group>"; };
		27623D7A26D4145D00095CB0 /* Push2TalkTests.xctest */ = {isa = PBXFileReference; explicitFileType = wrapper.cfbundle; includeInIndex = 0; path = Push2TalkTests.xctest; sourceTree = BUILT_PRODUCTS_DIR; };
		27623D7E26D4145D00095CB0 /* Push2TalkTests.swift */ = {isa = PBXFileReference; lastKnownFileType = sourcecode.swift; path = Push2TalkTests.swift; sourceTree = "<group>"; };
		27623D8026D4145D00095CB0 /* Info.plist */ = {isa = PBXFileReference; lastKnownFileType = text.plist.xml; path = Info.plist; sourceTree = "<group>"; };
		27623D8526D4145D00095CB0 /* Push2TalkUITests.xctest */ = {isa = PBXFileReference; explicitFileType = wrapper.cfbundle; includeInIndex = 0; path = Push2TalkUITests.xctest; sourceTree = BUILT_PRODUCTS_DIR; };
		27623D8926D4145D00095CB0 /* Push2TalkUITests.swift */ = {isa = PBXFileReference; lastKnownFileType = sourcecode.swift; path = Push2TalkUITests.swift; sourceTree = "<group>"; };
		27623D8B26D4145D00095CB0 /* Info.plist */ = {isa = PBXFileReference; lastKnownFileType = text.plist.xml; path = Info.plist; sourceTree = "<group>"; };
/* End PBXFileReference section */

/* Begin PBXFrameworksBuildPhase section */
		27623D6126D4145C00095CB0 /* Frameworks */ = {
			isa = PBXFrameworksBuildPhase;
			buildActionMask = 2147483647;
			files = (
			);
			runOnlyForDeploymentPostprocessing = 0;
		};
		27623D7726D4145D00095CB0 /* Frameworks */ = {
			isa = PBXFrameworksBuildPhase;
			buildActionMask = 2147483647;
			files = (
			);
			runOnlyForDeploymentPostprocessing = 0;
		};
		27623D8226D4145D00095CB0 /* Frameworks */ = {
			isa = PBXFrameworksBuildPhase;
			buildActionMask = 2147483647;
			files = (
			);
			runOnlyForDeploymentPostprocessing = 0;
		};
/* End PBXFrameworksBuildPhase section */

/* Begin PBXGroup section */
		27623D5B26D4145C00095CB0 = {
			isa = PBXGroup;
			children = (
				27623D6626D4145C00095CB0 /* Push2Talk */,
				27623D7D26D4145D00095CB0 /* Push2TalkTests */,
				27623D8826D4145D00095CB0 /* Push2TalkUITests */,
				27623D6526D4145C00095CB0 /* Products */,
			);
			sourceTree = "<group>";
		};
		27623D6526D4145C00095CB0 /* Products */ = {
			isa = PBXGroup;
			children = (
				27623D6426D4145C00095CB0 /* Push2Talk.app */,
				27623D7A26D4145D00095CB0 /* Push2TalkTests.xctest */,
				27623D8526D4145D00095CB0 /* Push2TalkUITests.xctest */,
			);
			name = Products;
			sourceTree = "<group>";
		};
		27623D6626D4145C00095CB0 /* Push2Talk */ = {
			isa = PBXGroup;
			children = (
				27623D6726D4145C00095CB0 /* AppDelegate.swift */,
				27623D6926D4145C00095CB0 /* SceneDelegate.swift */,
				27623D6B26D4145C00095CB0 /* RootViewController.swift */,
				27623D7026D4145D00095CB0 /* Assets.xcassets */,
				27623D7226D4145D00095CB0 /* LaunchScreen.storyboard */,
				27623D7526D4145D00095CB0 /* Info.plist */,
				1E90E56384FDE63B7F762541 /* RootCoordinator.swift */,
				1E90EAAF181B0D113324395E /* Window.swift */,
				1E90E81498FDC3A913ADEF5E /* View.swift */,
			);
			path = Push2Talk;
			sourceTree = "<group>";
		};
		27623D7D26D4145D00095CB0 /* Push2TalkTests */ = {
			isa = PBXGroup;
			children = (
				27623D7E26D4145D00095CB0 /* Push2TalkTests.swift */,
				27623D8026D4145D00095CB0 /* Info.plist */,
			);
			path = Push2TalkTests;
			sourceTree = "<group>";
		};
		27623D8826D4145D00095CB0 /* Push2TalkUITests */ = {
			isa = PBXGroup;
			children = (
				27623D8926D4145D00095CB0 /* Push2TalkUITests.swift */,
				27623D8B26D4145D00095CB0 /* Info.plist */,
			);
			path = Push2TalkUITests;
			sourceTree = "<group>";
		};
/* End PBXGroup section */

/* Begin PBXNativeTarget section */
		27623D6326D4145C00095CB0 /* Push2Talk */ = {
			isa = PBXNativeTarget;
			buildConfigurationList = 27623D8E26D4145D00095CB0 /* Build configuration list for PBXNativeTarget "Push2Talk" */;
			buildPhases = (
				27623D6026D4145C00095CB0 /* Sources */,
				27623D6126D4145C00095CB0 /* Frameworks */,
				27623D6226D4145C00095CB0 /* Resources */,
			);
			buildRules = (
			);
			dependencies = (
			);
			name = Push2Talk;
			productName = Push2Talk;
			productReference = 27623D6426D4145C00095CB0 /* Push2Talk.app */;
			productType = "com.apple.product-type.application";
		};
		27623D7926D4145D00095CB0 /* Push2TalkTests */ = {
			isa = PBXNativeTarget;
			buildConfigurationList = 27623D9126D4145D00095CB0 /* Build configuration list for PBXNativeTarget "Push2TalkTests" */;
			buildPhases = (
				27623D7626D4145D00095CB0 /* Sources */,
				27623D7726D4145D00095CB0 /* Frameworks */,
				27623D7826D4145D00095CB0 /* Resources */,
			);
			buildRules = (
			);
			dependencies = (
				27623D7C26D4145D00095CB0 /* PBXTargetDependency */,
			);
			name = Push2TalkTests;
			productName = Push2TalkTests;
			productReference = 27623D7A26D4145D00095CB0 /* Push2TalkTests.xctest */;
			productType = "com.apple.product-type.bundle.unit-test";
		};
		27623D8426D4145D00095CB0 /* Push2TalkUITests */ = {
			isa = PBXNativeTarget;
			buildConfigurationList = 27623D9426D4145D00095CB0 /* Build configuration list for PBXNativeTarget "Push2TalkUITests" */;
			buildPhases = (
				27623D8126D4145D00095CB0 /* Sources */,
				27623D8226D4145D00095CB0 /* Frameworks */,
				27623D8326D4145D00095CB0 /* Resources */,
			);
			buildRules = (
			);
			dependencies = (
				27623D8726D4145D00095CB0 /* PBXTargetDependency */,
			);
			name = Push2TalkUITests;
			productName = Push2TalkUITests;
			productReference = 27623D8526D4145D00095CB0 /* Push2TalkUITests.xctest */;
			productType = "com.apple.product-type.bundle.ui-testing";
		};
/* End PBXNativeTarget section */

/* Begin PBXProject section */
		27623D5C26D4145C00095CB0 /* Project object */ = {
			isa = PBXProject;
			attributes = {
				LastSwiftUpdateCheck = 1250;
				LastUpgradeCheck = 1250;
				TargetAttributes = {
					27623D6326D4145C00095CB0 = {
						CreatedOnToolsVersion = 12.5.1;
					};
					27623D7926D4145D00095CB0 = {
						CreatedOnToolsVersion = 12.5.1;
						TestTargetID = 27623D6326D4145C00095CB0;
					};
					27623D8426D4145D00095CB0 = {
						CreatedOnToolsVersion = 12.5.1;
						TestTargetID = 27623D6326D4145C00095CB0;
					};
				};
			};
			buildConfigurationList = 27623D5F26D4145C00095CB0 /* Build configuration list for PBXProject "Push2Talk" */;
			compatibilityVersion = "Xcode 9.3";
			developmentRegion = en;
			hasScannedForEncodings = 0;
			knownRegions = (
				en,
				Base,
			);
			mainGroup = 27623D5B26D4145C00095CB0;
			productRefGroup = 27623D6526D4145C00095CB0 /* Products */;
			projectDirPath = "";
			projectRoot = "";
			targets = (
				27623D6326D4145C00095CB0 /* Push2Talk */,
				27623D7926D4145D00095CB0 /* Push2TalkTests */,
				27623D8426D4145D00095CB0 /* Push2TalkUITests */,
			);
		};
/* End PBXProject section */

/* Begin PBXResourcesBuildPhase section */
		27623D6226D4145C00095CB0 /* Resources */ = {
			isa = PBXResourcesBuildPhase;
			buildActionMask = 2147483647;
			files = (
				27623D7426D4145D00095CB0 /* LaunchScreen.storyboard in Resources */,
				27623D7126D4145D00095CB0 /* Assets.xcassets in Resources */,
			);
			runOnlyForDeploymentPostprocessing = 0;
		};
		27623D7826D4145D00095CB0 /* Resources */ = {
			isa = PBXResourcesBuildPhase;
			buildActionMask = 2147483647;
			files = (
			);
			runOnlyForDeploymentPostprocessing = 0;
		};
		27623D8326D4145D00095CB0 /* Resources */ = {
			isa = PBXResourcesBuildPhase;
			buildActionMask = 2147483647;
			files = (
			);
			runOnlyForDeploymentPostprocessing = 0;
		};
/* End PBXResourcesBuildPhase section */

/* Begin PBXSourcesBuildPhase section */
		27623D6026D4145C00095CB0 /* Sources */ = {
			isa = PBXSourcesBuildPhase;
			buildActionMask = 2147483647;
			files = (
				27623D6C26D4145C00095CB0 /* RootViewController.swift in Sources */,
				27623D6826D4145C00095CB0 /* AppDelegate.swift in Sources */,
				27623D6A26D4145C00095CB0 /* SceneDelegate.swift in Sources */,
				1E90E3989A04ED4BCD1D2CA9 /* RootCoordinator.swift in Sources */,
				1E90E8E155D7F02647EBCDC7 /* Window.swift in Sources */,
				1E90E5465592D173E2955485 /* View.swift in Sources */,
			);
			runOnlyForDeploymentPostprocessing = 0;
		};
		27623D7626D4145D00095CB0 /* Sources */ = {
			isa = PBXSourcesBuildPhase;
			buildActionMask = 2147483647;
			files = (
				27623D7F26D4145D00095CB0 /* Push2TalkTests.swift in Sources */,
			);
			runOnlyForDeploymentPostprocessing = 0;
		};
		27623D8126D4145D00095CB0 /* Sources */ = {
			isa = PBXSourcesBuildPhase;
			buildActionMask = 2147483647;
			files = (
				27623D8A26D4145D00095CB0 /* Push2TalkUITests.swift in Sources */,
			);
			runOnlyForDeploymentPostprocessing = 0;
		};
/* End PBXSourcesBuildPhase section */

/* Begin PBXTargetDependency section */
		27623D7C26D4145D00095CB0 /* PBXTargetDependency */ = {
			isa = PBXTargetDependency;
			target = 27623D6326D4145C00095CB0 /* Push2Talk */;
			targetProxy = 27623D7B26D4145D00095CB0 /* PBXContainerItemProxy */;
		};
		27623D8726D4145D00095CB0 /* PBXTargetDependency */ = {
			isa = PBXTargetDependency;
			target = 27623D6326D4145C00095CB0 /* Push2Talk */;
			targetProxy = 27623D8626D4145D00095CB0 /* PBXContainerItemProxy */;
		};
/* End PBXTargetDependency section */

/* Begin PBXVariantGroup section */
		27623D7226D4145D00095CB0 /* LaunchScreen.storyboard */ = {
			isa = PBXVariantGroup;
			children = (
				27623D7326D4145D00095CB0 /* Base */,
			);
			name = LaunchScreen.storyboard;
			sourceTree = "<group>";
		};
/* End PBXVariantGroup section */

/* Begin XCBuildConfiguration section */
		27623D8C26D4145D00095CB0 /* Debug */ = {
			isa = XCBuildConfiguration;
			buildSettings = {
				ALWAYS_SEARCH_USER_PATHS = NO;
				CLANG_ANALYZER_NONNULL = YES;
				CLANG_ANALYZER_NUMBER_OBJECT_CONVERSION = YES_AGGRESSIVE;
				CLANG_CXX_LANGUAGE_STANDARD = "gnu++14";
				CLANG_CXX_LIBRARY = "libc++";
				CLANG_ENABLE_MODULES = YES;
				CLANG_ENABLE_OBJC_ARC = YES;
				CLANG_ENABLE_OBJC_WEAK = YES;
				CLANG_WARN_BLOCK_CAPTURE_AUTORELEASING = YES;
				CLANG_WARN_BOOL_CONVERSION = YES;
				CLANG_WARN_COMMA = YES;
				CLANG_WARN_CONSTANT_CONVERSION = YES;
				CLANG_WARN_DEPRECATED_OBJC_IMPLEMENTATIONS = YES;
				CLANG_WARN_DIRECT_OBJC_ISA_USAGE = YES_ERROR;
				CLANG_WARN_DOCUMENTATION_COMMENTS = YES;
				CLANG_WARN_EMPTY_BODY = YES;
				CLANG_WARN_ENUM_CONVERSION = YES;
				CLANG_WARN_INFINITE_RECURSION = YES;
				CLANG_WARN_INT_CONVERSION = YES;
				CLANG_WARN_NON_LITERAL_NULL_CONVERSION = YES;
				CLANG_WARN_OBJC_IMPLICIT_RETAIN_SELF = YES;
				CLANG_WARN_OBJC_LITERAL_CONVERSION = YES;
				CLANG_WARN_OBJC_ROOT_CLASS = YES_ERROR;
				CLANG_WARN_QUOTED_INCLUDE_IN_FRAMEWORK_HEADER = YES;
				CLANG_WARN_RANGE_LOOP_ANALYSIS = YES;
				CLANG_WARN_STRICT_PROTOTYPES = YES;
				CLANG_WARN_SUSPICIOUS_MOVE = YES;
				CLANG_WARN_UNGUARDED_AVAILABILITY = YES_AGGRESSIVE;
				CLANG_WARN_UNREACHABLE_CODE = YES;
				CLANG_WARN__DUPLICATE_METHOD_MATCH = YES;
				COPY_PHASE_STRIP = NO;
				DEBUG_INFORMATION_FORMAT = dwarf;
				ENABLE_STRICT_OBJC_MSGSEND = YES;
				ENABLE_TESTABILITY = YES;
				GCC_C_LANGUAGE_STANDARD = gnu11;
				GCC_DYNAMIC_NO_PIC = NO;
				GCC_NO_COMMON_BLOCKS = YES;
				GCC_OPTIMIZATION_LEVEL = 0;
				GCC_PREPROCESSOR_DEFINITIONS = (
					"DEBUG=1",
					"$(inherited)",
				);
				GCC_WARN_64_TO_32_BIT_CONVERSION = YES;
				GCC_WARN_ABOUT_RETURN_TYPE = YES_ERROR;
				GCC_WARN_UNDECLARED_SELECTOR = YES;
				GCC_WARN_UNINITIALIZED_AUTOS = YES_AGGRESSIVE;
				GCC_WARN_UNUSED_FUNCTION = YES;
				GCC_WARN_UNUSED_VARIABLE = YES;
				IPHONEOS_DEPLOYMENT_TARGET = 13.0;
				MTL_ENABLE_DEBUG_INFO = INCLUDE_SOURCE;
				MTL_FAST_MATH = YES;
				ONLY_ACTIVE_ARCH = YES;
				SDKROOT = iphoneos;
				SWIFT_ACTIVE_COMPILATION_CONDITIONS = DEBUG;
				SWIFT_OPTIMIZATION_LEVEL = "-Onone";
			};
			name = Debug;
		};
		27623D8D26D4145D00095CB0 /* Release */ = {
			isa = XCBuildConfiguration;
			buildSettings = {
				ALWAYS_SEARCH_USER_PATHS = NO;
				CLANG_ANALYZER_NONNULL = YES;
				CLANG_ANALYZER_NUMBER_OBJECT_CONVERSION = YES_AGGRESSIVE;
				CLANG_CXX_LANGUAGE_STANDARD = "gnu++14";
				CLANG_CXX_LIBRARY = "libc++";
				CLANG_ENABLE_MODULES = YES;
				CLANG_ENABLE_OBJC_ARC = YES;
				CLANG_ENABLE_OBJC_WEAK = YES;
				CLANG_WARN_BLOCK_CAPTURE_AUTORELEASING = YES;
				CLANG_WARN_BOOL_CONVERSION = YES;
				CLANG_WARN_COMMA = YES;
				CLANG_WARN_CONSTANT_CONVERSION = YES;
				CLANG_WARN_DEPRECATED_OBJC_IMPLEMENTATIONS = YES;
				CLANG_WARN_DIRECT_OBJC_ISA_USAGE = YES_ERROR;
				CLANG_WARN_DOCUMENTATION_COMMENTS = YES;
				CLANG_WARN_EMPTY_BODY = YES;
				CLANG_WARN_ENUM_CONVERSION = YES;
				CLANG_WARN_INFINITE_RECURSION = YES;
				CLANG_WARN_INT_CONVERSION = YES;
				CLANG_WARN_NON_LITERAL_NULL_CONVERSION = YES;
				CLANG_WARN_OBJC_IMPLICIT_RETAIN_SELF = YES;
				CLANG_WARN_OBJC_LITERAL_CONVERSION = YES;
				CLANG_WARN_OBJC_ROOT_CLASS = YES_ERROR;
				CLANG_WARN_QUOTED_INCLUDE_IN_FRAMEWORK_HEADER = YES;
				CLANG_WARN_RANGE_LOOP_ANALYSIS = YES;
				CLANG_WARN_STRICT_PROTOTYPES = YES;
				CLANG_WARN_SUSPICIOUS_MOVE = YES;
				CLANG_WARN_UNGUARDED_AVAILABILITY = YES_AGGRESSIVE;
				CLANG_WARN_UNREACHABLE_CODE = YES;
				CLANG_WARN__DUPLICATE_METHOD_MATCH = YES;
				COPY_PHASE_STRIP = NO;
				DEBUG_INFORMATION_FORMAT = "dwarf-with-dsym";
				ENABLE_NS_ASSERTIONS = NO;
				ENABLE_STRICT_OBJC_MSGSEND = YES;
				GCC_C_LANGUAGE_STANDARD = gnu11;
				GCC_NO_COMMON_BLOCKS = YES;
				GCC_WARN_64_TO_32_BIT_CONVERSION = YES;
				GCC_WARN_ABOUT_RETURN_TYPE = YES_ERROR;
				GCC_WARN_UNDECLARED_SELECTOR = YES;
				GCC_WARN_UNINITIALIZED_AUTOS = YES_AGGRESSIVE;
				GCC_WARN_UNUSED_FUNCTION = YES;
				GCC_WARN_UNUSED_VARIABLE = YES;
				IPHONEOS_DEPLOYMENT_TARGET = 13.0;
				MTL_ENABLE_DEBUG_INFO = NO;
				MTL_FAST_MATH = YES;
				SDKROOT = iphoneos;
				SWIFT_COMPILATION_MODE = wholemodule;
				SWIFT_OPTIMIZATION_LEVEL = "-O";
				VALIDATE_PRODUCT = YES;
			};
			name = Release;
		};
		27623D8F26D4145D00095CB0 /* Debug */ = {
			isa = XCBuildConfiguration;
			buildSettings = {
				ASSETCATALOG_COMPILER_APPICON_NAME = AppIcon;
				ASSETCATALOG_COMPILER_GLOBAL_ACCENT_COLOR_NAME = AccentColor;
				CODE_SIGN_STYLE = Automatic;
				INFOPLIST_FILE = Push2Talk/Info.plist;
				IPHONEOS_DEPLOYMENT_TARGET = 13.0;
				LD_RUNPATH_SEARCH_PATHS = (
					"$(inherited)",
					"@executable_path/Frameworks",
				);
				PRODUCT_BUNDLE_IDENTIFIER = net.premiersoft.Push2Talk;
				PRODUCT_NAME = "$(TARGET_NAME)";
				SWIFT_VERSION = 5.0;
				TARGETED_DEVICE_FAMILY = "1,2";
			};
			name = Debug;
		};
		27623D9026D4145D00095CB0 /* Release */ = {
			isa = XCBuildConfiguration;
			buildSettings = {
				ASSETCATALOG_COMPILER_APPICON_NAME = AppIcon;
				ASSETCATALOG_COMPILER_GLOBAL_ACCENT_COLOR_NAME = AccentColor;
				CODE_SIGN_STYLE = Automatic;
				INFOPLIST_FILE = Push2Talk/Info.plist;
				IPHONEOS_DEPLOYMENT_TARGET = 13.0;
				LD_RUNPATH_SEARCH_PATHS = (
					"$(inherited)",
					"@executable_path/Frameworks",
				);
				PRODUCT_BUNDLE_IDENTIFIER = net.premiersoft.Push2Talk;
				PRODUCT_NAME = "$(TARGET_NAME)";
				SWIFT_VERSION = 5.0;
				TARGETED_DEVICE_FAMILY = "1,2";
			};
			name = Release;
		};
		27623D9226D4145D00095CB0 /* Debug */ = {
			isa = XCBuildConfiguration;
			buildSettings = {
				ALWAYS_EMBED_SWIFT_STANDARD_LIBRARIES = YES;
				BUNDLE_LOADER = "$(TEST_HOST)";
				CODE_SIGN_STYLE = Automatic;
				INFOPLIST_FILE = Push2TalkTests/Info.plist;
				IPHONEOS_DEPLOYMENT_TARGET = 14.5;
				LD_RUNPATH_SEARCH_PATHS = (
					"$(inherited)",
					"@executable_path/Frameworks",
					"@loader_path/Frameworks",
				);
				PRODUCT_BUNDLE_IDENTIFIER = net.premiersoft.Push2TalkTests;
				PRODUCT_NAME = "$(TARGET_NAME)";
				SWIFT_VERSION = 5.0;
				TARGETED_DEVICE_FAMILY = "1,2";
				TEST_HOST = "$(BUILT_PRODUCTS_DIR)/Push2Talk.app/Push2Talk";
			};
			name = Debug;
		};
		27623D9326D4145D00095CB0 /* Release */ = {
			isa = XCBuildConfiguration;
			buildSettings = {
				ALWAYS_EMBED_SWIFT_STANDARD_LIBRARIES = YES;
				BUNDLE_LOADER = "$(TEST_HOST)";
				CODE_SIGN_STYLE = Automatic;
				INFOPLIST_FILE = Push2TalkTests/Info.plist;
				IPHONEOS_DEPLOYMENT_TARGET = 14.5;
				LD_RUNPATH_SEARCH_PATHS = (
					"$(inherited)",
					"@executable_path/Frameworks",
					"@loader_path/Frameworks",
				);
				PRODUCT_BUNDLE_IDENTIFIER = net.premiersoft.Push2TalkTests;
				PRODUCT_NAME = "$(TARGET_NAME)";
				SWIFT_VERSION = 5.0;
				TARGETED_DEVICE_FAMILY = "1,2";
				TEST_HOST = "$(BUILT_PRODUCTS_DIR)/Push2Talk.app/Push2Talk";
			};
			name = Release;
		};
		27623D9526D4145D00095CB0 /* Debug */ = {
			isa = XCBuildConfiguration;
			buildSettings = {
				ALWAYS_EMBED_SWIFT_STANDARD_LIBRARIES = YES;
				CODE_SIGN_STYLE = Automatic;
				INFOPLIST_FILE = Push2TalkUITests/Info.plist;
				LD_RUNPATH_SEARCH_PATHS = (
					"$(inherited)",
					"@executable_path/Frameworks",
					"@loader_path/Frameworks",
				);
				PRODUCT_BUNDLE_IDENTIFIER = net.premiersoft.Push2TalkUITests;
				PRODUCT_NAME = "$(TARGET_NAME)";
				SWIFT_VERSION = 5.0;
				TARGETED_DEVICE_FAMILY = "1,2";
				TEST_TARGET_NAME = Push2Talk;
			};
			name = Debug;
		};
		27623D9626D4145D00095CB0 /* Release */ = {
			isa = XCBuildConfiguration;
			buildSettings = {
				ALWAYS_EMBED_SWIFT_STANDARD_LIBRARIES = YES;
				CODE_SIGN_STYLE = Automatic;
				INFOPLIST_FILE = Push2TalkUITests/Info.plist;
				LD_RUNPATH_SEARCH_PATHS = (
					"$(inherited)",
					"@executable_path/Frameworks",
					"@loader_path/Frameworks",
				);
				PRODUCT_BUNDLE_IDENTIFIER = net.premiersoft.Push2TalkUITests;
				PRODUCT_NAME = "$(TARGET_NAME)";
				SWIFT_VERSION = 5.0;
				TARGETED_DEVICE_FAMILY = "1,2";
				TEST_TARGET_NAME = Push2Talk;
			};
			name = Release;
		};
/* End XCBuildConfiguration section */

/* Begin XCConfigurationList section */
		27623D5F26D4145C00095CB0 /* Build configuration list for PBXProject "Push2Talk" */ = {
			isa = XCConfigurationList;
			buildConfigurations = (
				27623D8C26D4145D00095CB0 /* Debug */,
				27623D8D26D4145D00095CB0 /* Release */,
			);
			defaultConfigurationIsVisible = 0;
			defaultConfigurationName = Release;
		};
		27623D8E26D4145D00095CB0 /* Build configuration list for PBXNativeTarget "Push2Talk" */ = {
			isa = XCConfigurationList;
			buildConfigurations = (
				27623D8F26D4145D00095CB0 /* Debug */,
				27623D9026D4145D00095CB0 /* Release */,
			);
			defaultConfigurationIsVisible = 0;
			defaultConfigurationName = Release;
		};
		27623D9126D4145D00095CB0 /* Build configuration list for PBXNativeTarget "Push2TalkTests" */ = {
			isa = XCConfigurationList;
			buildConfigurations = (
				27623D9226D4145D00095CB0 /* Debug */,
				27623D9326D4145D00095CB0 /* Release */,
			);
			defaultConfigurationIsVisible = 0;
			defaultConfigurationName = Release;
		};
		27623D9426D4145D00095CB0 /* Build configuration list for PBXNativeTarget "Push2TalkUITests" */ = {
			isa = XCConfigurationList;
			buildConfigurations = (
				27623D9526D4145D00095CB0 /* Debug */,
				27623D9626D4145D00095CB0 /* Release */,
			);
			defaultConfigurationIsVisible = 0;
			defaultConfigurationName = Release;
		};
/* End XCConfigurationList section */
	};
	rootObject = 27623D5C26D4145C00095CB0 /* Project object */;
}
